
Microsoft Visual Studio Solution File, Format Version 12.00
# Visual Studio 15
VisualStudioVersion = 15.0.27428.2037
MinimumVisualStudioVersion = 10.0.40219.1
Project("{FAE04EC0-301F-11D3-BF4B-00C04F79EFBC}") = "BLAG.Server", "BLAG.Server\BLAG.Server.csproj", "{3DFC60E3-86F7-4CB0-83C3-ACEAA8027E6B}"
EndProject
Project("{E53339B2-1760-4266-BCC7-CA923CBCF16C}") = "docker-compose", "docker-compose.dcproj", "{43D3C269-9F97-4A7F-81F2-38B2AF26C8E9}"
EndProject
Project("{FAE04EC0-301F-11D3-BF4B-00C04F79EFBC}") = "BLAG.Common", "BLAG.Common\BLAG.Common.csproj", "{FF766233-5D05-4F6E-A16E-787A7C896119}"
EndProject
Project("{FAE04EC0-301F-11D3-BF4B-00C04F79EFBC}") = "BLAG.App.Android", "BLAG.App\BLAG.App.Android\BLAG.App.Android.csproj", "{8BEE7FA8-1F62-4484-BD7A-C3308915D033}"
EndProject
Project("{FAE04EC0-301F-11D3-BF4B-00C04F79EFBC}") = "BLAG.App.iOS", "BLAG.App\BLAG.App.iOS\BLAG.App.iOS.csproj", "{A1AFE29F-D29C-41E6-AE81-5387E6C4B253}"
EndProject
Project("{FAE04EC0-301F-11D3-BF4B-00C04F79EFBC}") = "BLAG.App.UWP", "BLAG.App\BLAG.App.UWP\BLAG.App.UWP.csproj", "{546682AF-A252-4F5E-A9A1-F97BB766998C}"
EndProject
Project("{FAE04EC0-301F-11D3-BF4B-00C04F79EFBC}") = "BLAG.App", "BLAG.App\BLAG.App\BLAG.App.csproj", "{D0F44671-DFEB-4510-ACB2-CF53C615C51E}"
EndProject
Global
	GlobalSection(SolutionConfigurationPlatforms) = preSolution
		Ad-Hoc|Any CPU = Ad-Hoc|Any CPU
		Ad-Hoc|ARM = Ad-Hoc|ARM
		Ad-Hoc|iPhone = Ad-Hoc|iPhone
		Ad-Hoc|iPhoneSimulator = Ad-Hoc|iPhoneSimulator
		Ad-Hoc|x64 = Ad-Hoc|x64
		Ad-Hoc|x86 = Ad-Hoc|x86
		AppStore|Any CPU = AppStore|Any CPU
		AppStore|ARM = AppStore|ARM
		AppStore|iPhone = AppStore|iPhone
		AppStore|iPhoneSimulator = AppStore|iPhoneSimulator
		AppStore|x64 = AppStore|x64
		AppStore|x86 = AppStore|x86
		Debug|Any CPU = Debug|Any CPU
		Debug|ARM = Debug|ARM
		Debug|iPhone = Debug|iPhone
		Debug|iPhoneSimulator = Debug|iPhoneSimulator
		Debug|x64 = Debug|x64
		Debug|x86 = Debug|x86
		Release|Any CPU = Release|Any CPU
		Release|ARM = Release|ARM
		Release|iPhone = Release|iPhone
		Release|iPhoneSimulator = Release|iPhoneSimulator
		Release|x64 = Release|x64
		Release|x86 = Release|x86
	EndGlobalSection
	GlobalSection(ProjectConfigurationPlatforms) = postSolution
		{3DFC60E3-86F7-4CB0-83C3-ACEAA8027E6B}.Ad-Hoc|Any CPU.ActiveCfg = Debug|Any CPU
		{3DFC60E3-86F7-4CB0-83C3-ACEAA8027E6B}.Ad-Hoc|Any CPU.Build.0 = Debug|Any CPU
		{3DFC60E3-86F7-4CB0-83C3-ACEAA8027E6B}.Ad-Hoc|ARM.ActiveCfg = Debug|Any CPU
		{3DFC60E3-86F7-4CB0-83C3-ACEAA8027E6B}.Ad-Hoc|ARM.Build.0 = Debug|Any CPU
		{3DFC60E3-86F7-4CB0-83C3-ACEAA8027E6B}.Ad-Hoc|iPhone.ActiveCfg = Debug|Any CPU
		{3DFC60E3-86F7-4CB0-83C3-ACEAA8027E6B}.Ad-Hoc|iPhone.Build.0 = Debug|Any CPU
		{3DFC60E3-86F7-4CB0-83C3-ACEAA8027E6B}.Ad-Hoc|iPhoneSimulator.ActiveCfg = Debug|Any CPU
		{3DFC60E3-86F7-4CB0-83C3-ACEAA8027E6B}.Ad-Hoc|iPhoneSimulator.Build.0 = Debug|Any CPU
		{3DFC60E3-86F7-4CB0-83C3-ACEAA8027E6B}.Ad-Hoc|x64.ActiveCfg = Debug|Any CPU
		{3DFC60E3-86F7-4CB0-83C3-ACEAA8027E6B}.Ad-Hoc|x64.Build.0 = Debug|Any CPU
		{3DFC60E3-86F7-4CB0-83C3-ACEAA8027E6B}.Ad-Hoc|x86.ActiveCfg = Debug|Any CPU
		{3DFC60E3-86F7-4CB0-83C3-ACEAA8027E6B}.Ad-Hoc|x86.Build.0 = Debug|Any CPU
		{3DFC60E3-86F7-4CB0-83C3-ACEAA8027E6B}.AppStore|Any CPU.ActiveCfg = Debug|Any CPU
		{3DFC60E3-86F7-4CB0-83C3-ACEAA8027E6B}.AppStore|Any CPU.Build.0 = Debug|Any CPU
		{3DFC60E3-86F7-4CB0-83C3-ACEAA8027E6B}.AppStore|ARM.ActiveCfg = Debug|Any CPU
		{3DFC60E3-86F7-4CB0-83C3-ACEAA8027E6B}.AppStore|ARM.Build.0 = Debug|Any CPU
		{3DFC60E3-86F7-4CB0-83C3-ACEAA8027E6B}.AppStore|iPhone.ActiveCfg = Debug|Any CPU
		{3DFC60E3-86F7-4CB0-83C3-ACEAA8027E6B}.AppStore|iPhone.Build.0 = Debug|Any CPU
		{3DFC60E3-86F7-4CB0-83C3-ACEAA8027E6B}.AppStore|iPhoneSimulator.ActiveCfg = Debug|Any CPU
		{3DFC60E3-86F7-4CB0-83C3-ACEAA8027E6B}.AppStore|iPhoneSimulator.Build.0 = Debug|Any CPU
		{3DFC60E3-86F7-4CB0-83C3-ACEAA8027E6B}.AppStore|x64.ActiveCfg = Debug|Any CPU
		{3DFC60E3-86F7-4CB0-83C3-ACEAA8027E6B}.AppStore|x64.Build.0 = Debug|Any CPU
		{3DFC60E3-86F7-4CB0-83C3-ACEAA8027E6B}.AppStore|x86.ActiveCfg = Debug|Any CPU
		{3DFC60E3-86F7-4CB0-83C3-ACEAA8027E6B}.AppStore|x86.Build.0 = Debug|Any CPU
		{3DFC60E3-86F7-4CB0-83C3-ACEAA8027E6B}.Debug|Any CPU.ActiveCfg = Debug|Any CPU
		{3DFC60E3-86F7-4CB0-83C3-ACEAA8027E6B}.Debug|Any CPU.Build.0 = Debug|Any CPU
		{3DFC60E3-86F7-4CB0-83C3-ACEAA8027E6B}.Debug|ARM.ActiveCfg = Debug|Any CPU
		{3DFC60E3-86F7-4CB0-83C3-ACEAA8027E6B}.Debug|ARM.Build.0 = Debug|Any CPU
		{3DFC60E3-86F7-4CB0-83C3-ACEAA8027E6B}.Debug|iPhone.ActiveCfg = Debug|Any CPU
		{3DFC60E3-86F7-4CB0-83C3-ACEAA8027E6B}.Debug|iPhone.Build.0 = Debug|Any CPU
		{3DFC60E3-86F7-4CB0-83C3-ACEAA8027E6B}.Debug|iPhoneSimulator.ActiveCfg = Debug|Any CPU
		{3DFC60E3-86F7-4CB0-83C3-ACEAA8027E6B}.Debug|iPhoneSimulator.Build.0 = Debug|Any CPU
		{3DFC60E3-86F7-4CB0-83C3-ACEAA8027E6B}.Debug|x64.ActiveCfg = Debug|Any CPU
		{3DFC60E3-86F7-4CB0-83C3-ACEAA8027E6B}.Debug|x64.Build.0 = Debug|Any CPU
		{3DFC60E3-86F7-4CB0-83C3-ACEAA8027E6B}.Debug|x86.ActiveCfg = Debug|Any CPU
		{3DFC60E3-86F7-4CB0-83C3-ACEAA8027E6B}.Debug|x86.Build.0 = Debug|Any CPU
		{3DFC60E3-86F7-4CB0-83C3-ACEAA8027E6B}.Release|Any CPU.ActiveCfg = Release|Any CPU
		{3DFC60E3-86F7-4CB0-83C3-ACEAA8027E6B}.Release|Any CPU.Build.0 = Release|Any CPU
		{3DFC60E3-86F7-4CB0-83C3-ACEAA8027E6B}.Release|ARM.ActiveCfg = Release|Any CPU
		{3DFC60E3-86F7-4CB0-83C3-ACEAA8027E6B}.Release|ARM.Build.0 = Release|Any CPU
		{3DFC60E3-86F7-4CB0-83C3-ACEAA8027E6B}.Release|iPhone.ActiveCfg = Release|Any CPU
		{3DFC60E3-86F7-4CB0-83C3-ACEAA8027E6B}.Release|iPhone.Build.0 = Release|Any CPU
		{3DFC60E3-86F7-4CB0-83C3-ACEAA8027E6B}.Release|iPhoneSimulator.ActiveCfg = Release|Any CPU
		{3DFC60E3-86F7-4CB0-83C3-ACEAA8027E6B}.Release|iPhoneSimulator.Build.0 = Release|Any CPU
		{3DFC60E3-86F7-4CB0-83C3-ACEAA8027E6B}.Release|x64.ActiveCfg = Release|Any CPU
		{3DFC60E3-86F7-4CB0-83C3-ACEAA8027E6B}.Release|x64.Build.0 = Release|Any CPU
		{3DFC60E3-86F7-4CB0-83C3-ACEAA8027E6B}.Release|x86.ActiveCfg = Release|Any CPU
		{3DFC60E3-86F7-4CB0-83C3-ACEAA8027E6B}.Release|x86.Build.0 = Release|Any CPU
		{43D3C269-9F97-4A7F-81F2-38B2AF26C8E9}.Ad-Hoc|Any CPU.ActiveCfg = Debug|Any CPU
		{43D3C269-9F97-4A7F-81F2-38B2AF26C8E9}.Ad-Hoc|Any CPU.Build.0 = Debug|Any CPU
		{43D3C269-9F97-4A7F-81F2-38B2AF26C8E9}.Ad-Hoc|ARM.ActiveCfg = Debug|Any CPU
		{43D3C269-9F97-4A7F-81F2-38B2AF26C8E9}.Ad-Hoc|ARM.Build.0 = Debug|Any CPU
		{43D3C269-9F97-4A7F-81F2-38B2AF26C8E9}.Ad-Hoc|iPhone.ActiveCfg = Debug|Any CPU
		{43D3C269-9F97-4A7F-81F2-38B2AF26C8E9}.Ad-Hoc|iPhone.Build.0 = Debug|Any CPU
		{43D3C269-9F97-4A7F-81F2-38B2AF26C8E9}.Ad-Hoc|iPhoneSimulator.ActiveCfg = Debug|Any CPU
		{43D3C269-9F97-4A7F-81F2-38B2AF26C8E9}.Ad-Hoc|iPhoneSimulator.Build.0 = Debug|Any CPU
		{43D3C269-9F97-4A7F-81F2-38B2AF26C8E9}.Ad-Hoc|x64.ActiveCfg = Debug|Any CPU
		{43D3C269-9F97-4A7F-81F2-38B2AF26C8E9}.Ad-Hoc|x64.Build.0 = Debug|Any CPU
		{43D3C269-9F97-4A7F-81F2-38B2AF26C8E9}.Ad-Hoc|x86.ActiveCfg = Debug|Any CPU
		{43D3C269-9F97-4A7F-81F2-38B2AF26C8E9}.Ad-Hoc|x86.Build.0 = Debug|Any CPU
		{43D3C269-9F97-4A7F-81F2-38B2AF26C8E9}.AppStore|Any CPU.ActiveCfg = Debug|Any CPU
		{43D3C269-9F97-4A7F-81F2-38B2AF26C8E9}.AppStore|Any CPU.Build.0 = Debug|Any CPU
		{43D3C269-9F97-4A7F-81F2-38B2AF26C8E9}.AppStore|ARM.ActiveCfg = Debug|Any CPU
		{43D3C269-9F97-4A7F-81F2-38B2AF26C8E9}.AppStore|ARM.Build.0 = Debug|Any CPU
		{43D3C269-9F97-4A7F-81F2-38B2AF26C8E9}.AppStore|iPhone.ActiveCfg = Debug|Any CPU
		{43D3C269-9F97-4A7F-81F2-38B2AF26C8E9}.AppStore|iPhone.Build.0 = Debug|Any CPU
		{43D3C269-9F97-4A7F-81F2-38B2AF26C8E9}.AppStore|iPhoneSimulator.ActiveCfg = Debug|Any CPU
		{43D3C269-9F97-4A7F-81F2-38B2AF26C8E9}.AppStore|iPhoneSimulator.Build.0 = Debug|Any CPU
		{43D3C269-9F97-4A7F-81F2-38B2AF26C8E9}.AppStore|x64.ActiveCfg = Debug|Any CPU
		{43D3C269-9F97-4A7F-81F2-38B2AF26C8E9}.AppStore|x64.Build.0 = Debug|Any CPU
		{43D3C269-9F97-4A7F-81F2-38B2AF26C8E9}.AppStore|x86.ActiveCfg = Debug|Any CPU
		{43D3C269-9F97-4A7F-81F2-38B2AF26C8E9}.AppStore|x86.Build.0 = Debug|Any CPU
		{43D3C269-9F97-4A7F-81F2-38B2AF26C8E9}.Debug|Any CPU.ActiveCfg = Debug|Any CPU
		{43D3C269-9F97-4A7F-81F2-38B2AF26C8E9}.Debug|Any CPU.Build.0 = Debug|Any CPU
		{43D3C269-9F97-4A7F-81F2-38B2AF26C8E9}.Debug|ARM.ActiveCfg = Debug|Any CPU
		{43D3C269-9F97-4A7F-81F2-38B2AF26C8E9}.Debug|ARM.Build.0 = Debug|Any CPU
		{43D3C269-9F97-4A7F-81F2-38B2AF26C8E9}.Debug|iPhone.ActiveCfg = Debug|Any CPU
		{43D3C269-9F97-4A7F-81F2-38B2AF26C8E9}.Debug|iPhone.Build.0 = Debug|Any CPU
		{43D3C269-9F97-4A7F-81F2-38B2AF26C8E9}.Debug|iPhoneSimulator.ActiveCfg = Debug|Any CPU
		{43D3C269-9F97-4A7F-81F2-38B2AF26C8E9}.Debug|iPhoneSimulator.Build.0 = Debug|Any CPU
		{43D3C269-9F97-4A7F-81F2-38B2AF26C8E9}.Debug|x64.ActiveCfg = Debug|Any CPU
		{43D3C269-9F97-4A7F-81F2-38B2AF26C8E9}.Debug|x64.Build.0 = Debug|Any CPU
		{43D3C269-9F97-4A7F-81F2-38B2AF26C8E9}.Debug|x86.ActiveCfg = Debug|Any CPU
		{43D3C269-9F97-4A7F-81F2-38B2AF26C8E9}.Debug|x86.Build.0 = Debug|Any CPU
		{43D3C269-9F97-4A7F-81F2-38B2AF26C8E9}.Release|Any CPU.ActiveCfg = Release|Any CPU
		{43D3C269-9F97-4A7F-81F2-38B2AF26C8E9}.Release|Any CPU.Build.0 = Release|Any CPU
		{43D3C269-9F97-4A7F-81F2-38B2AF26C8E9}.Release|ARM.ActiveCfg = Release|Any CPU
		{43D3C269-9F97-4A7F-81F2-38B2AF26C8E9}.Release|ARM.Build.0 = Release|Any CPU
		{43D3C269-9F97-4A7F-81F2-38B2AF26C8E9}.Release|iPhone.ActiveCfg = Release|Any CPU
		{43D3C269-9F97-4A7F-81F2-38B2AF26C8E9}.Release|iPhone.Build.0 = Release|Any CPU
		{43D3C269-9F97-4A7F-81F2-38B2AF26C8E9}.Release|iPhoneSimulator.ActiveCfg = Release|Any CPU
		{43D3C269-9F97-4A7F-81F2-38B2AF26C8E9}.Release|iPhoneSimulator.Build.0 = Release|Any CPU
		{43D3C269-9F97-4A7F-81F2-38B2AF26C8E9}.Release|x64.ActiveCfg = Release|Any CPU
		{43D3C269-9F97-4A7F-81F2-38B2AF26C8E9}.Release|x64.Build.0 = Release|Any CPU
		{43D3C269-9F97-4A7F-81F2-38B2AF26C8E9}.Release|x86.ActiveCfg = Release|Any CPU
		{43D3C269-9F97-4A7F-81F2-38B2AF26C8E9}.Release|x86.Build.0 = Release|Any CPU
		{FF766233-5D05-4F6E-A16E-787A7C896119}.Ad-Hoc|Any CPU.ActiveCfg = Debug|Any CPU
		{FF766233-5D05-4F6E-A16E-787A7C896119}.Ad-Hoc|Any CPU.Build.0 = Debug|Any CPU
		{FF766233-5D05-4F6E-A16E-787A7C896119}.Ad-Hoc|ARM.ActiveCfg = Debug|Any CPU
		{FF766233-5D05-4F6E-A16E-787A7C896119}.Ad-Hoc|ARM.Build.0 = Debug|Any CPU
		{FF766233-5D05-4F6E-A16E-787A7C896119}.Ad-Hoc|iPhone.ActiveCfg = Debug|Any CPU
		{FF766233-5D05-4F6E-A16E-787A7C896119}.Ad-Hoc|iPhone.Build.0 = Debug|Any CPU
		{FF766233-5D05-4F6E-A16E-787A7C896119}.Ad-Hoc|iPhoneSimulator.ActiveCfg = Debug|Any CPU
		{FF766233-5D05-4F6E-A16E-787A7C896119}.Ad-Hoc|iPhoneSimulator.Build.0 = Debug|Any CPU
		{FF766233-5D05-4F6E-A16E-787A7C896119}.Ad-Hoc|x64.ActiveCfg = Debug|Any CPU
		{FF766233-5D05-4F6E-A16E-787A7C896119}.Ad-Hoc|x64.Build.0 = Debug|Any CPU
		{FF766233-5D05-4F6E-A16E-787A7C896119}.Ad-Hoc|x86.ActiveCfg = Debug|Any CPU
		{FF766233-5D05-4F6E-A16E-787A7C896119}.Ad-Hoc|x86.Build.0 = Debug|Any CPU
		{FF766233-5D05-4F6E-A16E-787A7C896119}.AppStore|Any CPU.ActiveCfg = Debug|Any CPU
		{FF766233-5D05-4F6E-A16E-787A7C896119}.AppStore|Any CPU.Build.0 = Debug|Any CPU
		{FF766233-5D05-4F6E-A16E-787A7C896119}.AppStore|ARM.ActiveCfg = Debug|Any CPU
		{FF766233-5D05-4F6E-A16E-787A7C896119}.AppStore|ARM.Build.0 = Debug|Any CPU
		{FF766233-5D05-4F6E-A16E-787A7C896119}.AppStore|iPhone.ActiveCfg = Debug|Any CPU
		{FF766233-5D05-4F6E-A16E-787A7C896119}.AppStore|iPhone.Build.0 = Debug|Any CPU
		{FF766233-5D05-4F6E-A16E-787A7C896119}.AppStore|iPhoneSimulator.ActiveCfg = Debug|Any CPU
		{FF766233-5D05-4F6E-A16E-787A7C896119}.AppStore|iPhoneSimulator.Build.0 = Debug|Any CPU
		{FF766233-5D05-4F6E-A16E-787A7C896119}.AppStore|x64.ActiveCfg = Debug|Any CPU
		{FF766233-5D05-4F6E-A16E-787A7C896119}.AppStore|x64.Build.0 = Debug|Any CPU
		{FF766233-5D05-4F6E-A16E-787A7C896119}.AppStore|x86.ActiveCfg = Debug|Any CPU
		{FF766233-5D05-4F6E-A16E-787A7C896119}.AppStore|x86.Build.0 = Debug|Any CPU
		{FF766233-5D05-4F6E-A16E-787A7C896119}.Debug|Any CPU.ActiveCfg = Debug|Any CPU
		{FF766233-5D05-4F6E-A16E-787A7C896119}.Debug|Any CPU.Build.0 = Debug|Any CPU
		{FF766233-5D05-4F6E-A16E-787A7C896119}.Debug|ARM.ActiveCfg = Debug|Any CPU
		{FF766233-5D05-4F6E-A16E-787A7C896119}.Debug|ARM.Build.0 = Debug|Any CPU
		{FF766233-5D05-4F6E-A16E-787A7C896119}.Debug|iPhone.ActiveCfg = Debug|Any CPU
		{FF766233-5D05-4F6E-A16E-787A7C896119}.Debug|iPhone.Build.0 = Debug|Any CPU
		{FF766233-5D05-4F6E-A16E-787A7C896119}.Debug|iPhoneSimulator.ActiveCfg = Debug|Any CPU
		{FF766233-5D05-4F6E-A16E-787A7C896119}.Debug|iPhoneSimulator.Build.0 = Debug|Any CPU
		{FF766233-5D05-4F6E-A16E-787A7C896119}.Debug|x64.ActiveCfg = Debug|Any CPU
		{FF766233-5D05-4F6E-A16E-787A7C896119}.Debug|x64.Build.0 = Debug|Any CPU
		{FF766233-5D05-4F6E-A16E-787A7C896119}.Debug|x86.ActiveCfg = Debug|Any CPU
		{FF766233-5D05-4F6E-A16E-787A7C896119}.Debug|x86.Build.0 = Debug|Any CPU
		{FF766233-5D05-4F6E-A16E-787A7C896119}.Release|Any CPU.ActiveCfg = Release|Any CPU
		{FF766233-5D05-4F6E-A16E-787A7C896119}.Release|Any CPU.Build.0 = Release|Any CPU
		{FF766233-5D05-4F6E-A16E-787A7C896119}.Release|ARM.ActiveCfg = Release|Any CPU
		{FF766233-5D05-4F6E-A16E-787A7C896119}.Release|ARM.Build.0 = Release|Any CPU
		{FF766233-5D05-4F6E-A16E-787A7C896119}.Release|iPhone.ActiveCfg = Release|Any CPU
		{FF766233-5D05-4F6E-A16E-787A7C896119}.Release|iPhone.Build.0 = Release|Any CPU
		{FF766233-5D05-4F6E-A16E-787A7C896119}.Release|iPhoneSimulator.ActiveCfg = Release|Any CPU
		{FF766233-5D05-4F6E-A16E-787A7C896119}.Release|iPhoneSimulator.Build.0 = Release|Any CPU
		{FF766233-5D05-4F6E-A16E-787A7C896119}.Release|x64.ActiveCfg = Release|Any CPU
		{FF766233-5D05-4F6E-A16E-787A7C896119}.Release|x64.Build.0 = Release|Any CPU
		{FF766233-5D05-4F6E-A16E-787A7C896119}.Release|x86.ActiveCfg = Release|Any CPU
		{FF766233-5D05-4F6E-A16E-787A7C896119}.Release|x86.Build.0 = Release|Any CPU
		{8BEE7FA8-1F62-4484-BD7A-C3308915D033}.Ad-Hoc|Any CPU.ActiveCfg = Release|Any CPU
		{8BEE7FA8-1F62-4484-BD7A-C3308915D033}.Ad-Hoc|Any CPU.Build.0 = Release|Any CPU
		{8BEE7FA8-1F62-4484-BD7A-C3308915D033}.Ad-Hoc|Any CPU.Deploy.0 = Release|Any CPU
		{8BEE7FA8-1F62-4484-BD7A-C3308915D033}.Ad-Hoc|ARM.ActiveCfg = Release|Any CPU
		{8BEE7FA8-1F62-4484-BD7A-C3308915D033}.Ad-Hoc|ARM.Build.0 = Release|Any CPU
		{8BEE7FA8-1F62-4484-BD7A-C3308915D033}.Ad-Hoc|ARM.Deploy.0 = Release|Any CPU
		{8BEE7FA8-1F62-4484-BD7A-C3308915D033}.Ad-Hoc|iPhone.ActiveCfg = Release|Any CPU
		{8BEE7FA8-1F62-4484-BD7A-C3308915D033}.Ad-Hoc|iPhone.Build.0 = Release|Any CPU
		{8BEE7FA8-1F62-4484-BD7A-C3308915D033}.Ad-Hoc|iPhone.Deploy.0 = Release|Any CPU
		{8BEE7FA8-1F62-4484-BD7A-C3308915D033}.Ad-Hoc|iPhoneSimulator.ActiveCfg = Release|Any CPU
		{8BEE7FA8-1F62-4484-BD7A-C3308915D033}.Ad-Hoc|iPhoneSimulator.Build.0 = Release|Any CPU
		{8BEE7FA8-1F62-4484-BD7A-C3308915D033}.Ad-Hoc|iPhoneSimulator.Deploy.0 = Release|Any CPU
		{8BEE7FA8-1F62-4484-BD7A-C3308915D033}.Ad-Hoc|x64.ActiveCfg = Release|Any CPU
		{8BEE7FA8-1F62-4484-BD7A-C3308915D033}.Ad-Hoc|x64.Build.0 = Release|Any CPU
		{8BEE7FA8-1F62-4484-BD7A-C3308915D033}.Ad-Hoc|x64.Deploy.0 = Release|Any CPU
		{8BEE7FA8-1F62-4484-BD7A-C3308915D033}.Ad-Hoc|x86.ActiveCfg = Release|Any CPU
		{8BEE7FA8-1F62-4484-BD7A-C3308915D033}.Ad-Hoc|x86.Build.0 = Release|Any CPU
		{8BEE7FA8-1F62-4484-BD7A-C3308915D033}.Ad-Hoc|x86.Deploy.0 = Release|Any CPU
		{8BEE7FA8-1F62-4484-BD7A-C3308915D033}.AppStore|Any CPU.ActiveCfg = Release|Any CPU
		{8BEE7FA8-1F62-4484-BD7A-C3308915D033}.AppStore|Any CPU.Build.0 = Release|Any CPU
		{8BEE7FA8-1F62-4484-BD7A-C3308915D033}.AppStore|Any CPU.Deploy.0 = Release|Any CPU
		{8BEE7FA8-1F62-4484-BD7A-C3308915D033}.AppStore|ARM.ActiveCfg = Release|Any CPU
		{8BEE7FA8-1F62-4484-BD7A-C3308915D033}.AppStore|ARM.Build.0 = Release|Any CPU
		{8BEE7FA8-1F62-4484-BD7A-C3308915D033}.AppStore|ARM.Deploy.0 = Release|Any CPU
		{8BEE7FA8-1F62-4484-BD7A-C3308915D033}.AppStore|iPhone.ActiveCfg = Release|Any CPU
		{8BEE7FA8-1F62-4484-BD7A-C3308915D033}.AppStore|iPhone.Build.0 = Release|Any CPU
		{8BEE7FA8-1F62-4484-BD7A-C3308915D033}.AppStore|iPhone.Deploy.0 = Release|Any CPU
		{8BEE7FA8-1F62-4484-BD7A-C3308915D033}.AppStore|iPhoneSimulator.ActiveCfg = Release|Any CPU
		{8BEE7FA8-1F62-4484-BD7A-C3308915D033}.AppStore|iPhoneSimulator.Build.0 = Release|Any CPU
		{8BEE7FA8-1F62-4484-BD7A-C3308915D033}.AppStore|iPhoneSimulator.Deploy.0 = Release|Any CPU
		{8BEE7FA8-1F62-4484-BD7A-C3308915D033}.AppStore|x64.ActiveCfg = Release|Any CPU
		{8BEE7FA8-1F62-4484-BD7A-C3308915D033}.AppStore|x64.Build.0 = Release|Any CPU
		{8BEE7FA8-1F62-4484-BD7A-C3308915D033}.AppStore|x64.Deploy.0 = Release|Any CPU
		{8BEE7FA8-1F62-4484-BD7A-C3308915D033}.AppStore|x86.ActiveCfg = Release|Any CPU
		{8BEE7FA8-1F62-4484-BD7A-C3308915D033}.AppStore|x86.Build.0 = Release|Any CPU
		{8BEE7FA8-1F62-4484-BD7A-C3308915D033}.AppStore|x86.Deploy.0 = Release|Any CPU
		{8BEE7FA8-1F62-4484-BD7A-C3308915D033}.Debug|Any CPU.ActiveCfg = Debug|Any CPU
		{8BEE7FA8-1F62-4484-BD7A-C3308915D033}.Debug|Any CPU.Build.0 = Debug|Any CPU
		{8BEE7FA8-1F62-4484-BD7A-C3308915D033}.Debug|Any CPU.Deploy.0 = Debug|Any CPU
		{8BEE7FA8-1F62-4484-BD7A-C3308915D033}.Debug|ARM.ActiveCfg = Debug|Any CPU
		{8BEE7FA8-1F62-4484-BD7A-C3308915D033}.Debug|ARM.Build.0 = Debug|Any CPU
		{8BEE7FA8-1F62-4484-BD7A-C3308915D033}.Debug|ARM.Deploy.0 = Debug|Any CPU
		{8BEE7FA8-1F62-4484-BD7A-C3308915D033}.Debug|iPhone.ActiveCfg = Debug|Any CPU
		{8BEE7FA8-1F62-4484-BD7A-C3308915D033}.Debug|iPhone.Build.0 = Debug|Any CPU
		{8BEE7FA8-1F62-4484-BD7A-C3308915D033}.Debug|iPhone.Deploy.0 = Debug|Any CPU
		{8BEE7FA8-1F62-4484-BD7A-C3308915D033}.Debug|iPhoneSimulator.ActiveCfg = Debug|Any CPU
		{8BEE7FA8-1F62-4484-BD7A-C3308915D033}.Debug|iPhoneSimulator.Build.0 = Debug|Any CPU
		{8BEE7FA8-1F62-4484-BD7A-C3308915D033}.Debug|iPhoneSimulator.Deploy.0 = Debug|Any CPU
		{8BEE7FA8-1F62-4484-BD7A-C3308915D033}.Debug|x64.ActiveCfg = Debug|Any CPU
		{8BEE7FA8-1F62-4484-BD7A-C3308915D033}.Debug|x64.Build.0 = Debug|Any CPU
		{8BEE7FA8-1F62-4484-BD7A-C3308915D033}.Debug|x64.Deploy.0 = Debug|Any CPU
		{8BEE7FA8-1F62-4484-BD7A-C3308915D033}.Debug|x86.ActiveCfg = Debug|Any CPU
		{8BEE7FA8-1F62-4484-BD7A-C3308915D033}.Debug|x86.Build.0 = Debug|Any CPU
		{8BEE7FA8-1F62-4484-BD7A-C3308915D033}.Debug|x86.Deploy.0 = Debug|Any CPU
		{8BEE7FA8-1F62-4484-BD7A-C3308915D033}.Release|Any CPU.ActiveCfg = Release|Any CPU
		{8BEE7FA8-1F62-4484-BD7A-C3308915D033}.Release|Any CPU.Build.0 = Release|Any CPU
		{8BEE7FA8-1F62-4484-BD7A-C3308915D033}.Release|Any CPU.Deploy.0 = Release|Any CPU
		{8BEE7FA8-1F62-4484-BD7A-C3308915D033}.Release|ARM.ActiveCfg = Release|Any CPU
		{8BEE7FA8-1F62-4484-BD7A-C3308915D033}.Release|ARM.Build.0 = Release|Any CPU
		{8BEE7FA8-1F62-4484-BD7A-C3308915D033}.Release|ARM.Deploy.0 = Release|Any CPU
		{8BEE7FA8-1F62-4484-BD7A-C3308915D033}.Release|iPhone.ActiveCfg = Release|Any CPU
		{8BEE7FA8-1F62-4484-BD7A-C3308915D033}.Release|iPhone.Build.0 = Release|Any CPU
		{8BEE7FA8-1F62-4484-BD7A-C3308915D033}.Release|iPhone.Deploy.0 = Release|Any CPU
		{8BEE7FA8-1F62-4484-BD7A-C3308915D033}.Release|iPhoneSimulator.ActiveCfg = Release|Any CPU
		{8BEE7FA8-1F62-4484-BD7A-C3308915D033}.Release|iPhoneSimulator.Build.0 = Release|Any CPU
		{8BEE7FA8-1F62-4484-BD7A-C3308915D033}.Release|iPhoneSimulator.Deploy.0 = Release|Any CPU
		{8BEE7FA8-1F62-4484-BD7A-C3308915D033}.Release|x64.ActiveCfg = Release|Any CPU
		{8BEE7FA8-1F62-4484-BD7A-C3308915D033}.Release|x64.Build.0 = Release|Any CPU
		{8BEE7FA8-1F62-4484-BD7A-C3308915D033}.Release|x64.Deploy.0 = Release|Any CPU
		{8BEE7FA8-1F62-4484-BD7A-C3308915D033}.Release|x86.ActiveCfg = Release|Any CPU
		{8BEE7FA8-1F62-4484-BD7A-C3308915D033}.Release|x86.Build.0 = Release|Any CPU
		{8BEE7FA8-1F62-4484-BD7A-C3308915D033}.Release|x86.Deploy.0 = Release|Any CPU
		{A1AFE29F-D29C-41E6-AE81-5387E6C4B253}.Ad-Hoc|Any CPU.ActiveCfg = Ad-Hoc|iPhone
		{A1AFE29F-D29C-41E6-AE81-5387E6C4B253}.Ad-Hoc|ARM.ActiveCfg = Ad-Hoc|iPhone
		{A1AFE29F-D29C-41E6-AE81-5387E6C4B253}.Ad-Hoc|iPhone.ActiveCfg = Ad-Hoc|iPhone
		{A1AFE29F-D29C-41E6-AE81-5387E6C4B253}.Ad-Hoc|iPhone.Build.0 = Ad-Hoc|iPhone
		{A1AFE29F-D29C-41E6-AE81-5387E6C4B253}.Ad-Hoc|iPhoneSimulator.ActiveCfg = Ad-Hoc|iPhoneSimulator
		{A1AFE29F-D29C-41E6-AE81-5387E6C4B253}.Ad-Hoc|iPhoneSimulator.Build.0 = Ad-Hoc|iPhoneSimulator
		{A1AFE29F-D29C-41E6-AE81-5387E6C4B253}.Ad-Hoc|x64.ActiveCfg = Ad-Hoc|iPhone
		{A1AFE29F-D29C-41E6-AE81-5387E6C4B253}.Ad-Hoc|x86.ActiveCfg = Ad-Hoc|iPhone
		{A1AFE29F-D29C-41E6-AE81-5387E6C4B253}.AppStore|Any CPU.ActiveCfg = AppStore|iPhone
		{A1AFE29F-D29C-41E6-AE81-5387E6C4B253}.AppStore|ARM.ActiveCfg = AppStore|iPhone
		{A1AFE29F-D29C-41E6-AE81-5387E6C4B253}.AppStore|iPhone.ActiveCfg = AppStore|iPhone
		{A1AFE29F-D29C-41E6-AE81-5387E6C4B253}.AppStore|iPhone.Build.0 = AppStore|iPhone
		{A1AFE29F-D29C-41E6-AE81-5387E6C4B253}.AppStore|iPhoneSimulator.ActiveCfg = AppStore|iPhoneSimulator
		{A1AFE29F-D29C-41E6-AE81-5387E6C4B253}.AppStore|iPhoneSimulator.Build.0 = AppStore|iPhoneSimulator
		{A1AFE29F-D29C-41E6-AE81-5387E6C4B253}.AppStore|x64.ActiveCfg = AppStore|iPhone
		{A1AFE29F-D29C-41E6-AE81-5387E6C4B253}.AppStore|x86.ActiveCfg = AppStore|iPhone
		{A1AFE29F-D29C-41E6-AE81-5387E6C4B253}.Debug|Any CPU.ActiveCfg = Debug|iPhone
		{A1AFE29F-D29C-41E6-AE81-5387E6C4B253}.Debug|ARM.ActiveCfg = Debug|iPhone
		{A1AFE29F-D29C-41E6-AE81-5387E6C4B253}.Debug|iPhone.ActiveCfg = Debug|iPhone
		{A1AFE29F-D29C-41E6-AE81-5387E6C4B253}.Debug|iPhone.Build.0 = Debug|iPhone
		{A1AFE29F-D29C-41E6-AE81-5387E6C4B253}.Debug|iPhoneSimulator.ActiveCfg = Debug|iPhoneSimulator
		{A1AFE29F-D29C-41E6-AE81-5387E6C4B253}.Debug|iPhoneSimulator.Build.0 = Debug|iPhoneSimulator
		{A1AFE29F-D29C-41E6-AE81-5387E6C4B253}.Debug|x64.ActiveCfg = Debug|iPhone
		{A1AFE29F-D29C-41E6-AE81-5387E6C4B253}.Debug|x86.ActiveCfg = Debug|iPhone
		{A1AFE29F-D29C-41E6-AE81-5387E6C4B253}.Release|Any CPU.ActiveCfg = Release|iPhone
		{A1AFE29F-D29C-41E6-AE81-5387E6C4B253}.Release|ARM.ActiveCfg = Release|iPhone
		{A1AFE29F-D29C-41E6-AE81-5387E6C4B253}.Release|iPhone.ActiveCfg = Release|iPhone
		{A1AFE29F-D29C-41E6-AE81-5387E6C4B253}.Release|iPhone.Build.0 = Release|iPhone
		{A1AFE29F-D29C-41E6-AE81-5387E6C4B253}.Release|iPhoneSimulator.ActiveCfg = Release|iPhoneSimulator
		{A1AFE29F-D29C-41E6-AE81-5387E6C4B253}.Release|iPhoneSimulator.Build.0 = Release|iPhoneSimulator
		{A1AFE29F-D29C-41E6-AE81-5387E6C4B253}.Release|x64.ActiveCfg = Release|iPhone
		{A1AFE29F-D29C-41E6-AE81-5387E6C4B253}.Release|x86.ActiveCfg = Release|iPhone
		{546682AF-A252-4F5E-A9A1-F97BB766998C}.Ad-Hoc|Any CPU.ActiveCfg = Release|x86
		{546682AF-A252-4F5E-A9A1-F97BB766998C}.Ad-Hoc|Any CPU.Build.0 = Release|x86
		{546682AF-A252-4F5E-A9A1-F97BB766998C}.Ad-Hoc|Any CPU.Deploy.0 = Release|x86
		{546682AF-A252-4F5E-A9A1-F97BB766998C}.Ad-Hoc|ARM.ActiveCfg = Release|ARM
		{546682AF-A252-4F5E-A9A1-F97BB766998C}.Ad-Hoc|ARM.Build.0 = Release|ARM
		{546682AF-A252-4F5E-A9A1-F97BB766998C}.Ad-Hoc|ARM.Deploy.0 = Release|ARM
		{546682AF-A252-4F5E-A9A1-F97BB766998C}.Ad-Hoc|iPhone.ActiveCfg = Release|x86
		{546682AF-A252-4F5E-A9A1-F97BB766998C}.Ad-Hoc|iPhone.Build.0 = Release|x86
		{546682AF-A252-4F5E-A9A1-F97BB766998C}.Ad-Hoc|iPhone.Deploy.0 = Release|x86
		{546682AF-A252-4F5E-A9A1-F97BB766998C}.Ad-Hoc|iPhoneSimulator.ActiveCfg = Release|x86
		{546682AF-A252-4F5E-A9A1-F97BB766998C}.Ad-Hoc|iPhoneSimulator.Build.0 = Release|x86
		{546682AF-A252-4F5E-A9A1-F97BB766998C}.Ad-Hoc|iPhoneSimulator.Deploy.0 = Release|x86
		{546682AF-A252-4F5E-A9A1-F97BB766998C}.Ad-Hoc|x64.ActiveCfg = Release|x64
		{546682AF-A252-4F5E-A9A1-F97BB766998C}.Ad-Hoc|x64.Build.0 = Release|x64
		{546682AF-A252-4F5E-A9A1-F97BB766998C}.Ad-Hoc|x64.Deploy.0 = Release|x64
		{546682AF-A252-4F5E-A9A1-F97BB766998C}.Ad-Hoc|x86.ActiveCfg = Release|x86
		{546682AF-A252-4F5E-A9A1-F97BB766998C}.Ad-Hoc|x86.Build.0 = Release|x86
		{546682AF-A252-4F5E-A9A1-F97BB766998C}.Ad-Hoc|x86.Deploy.0 = Release|x86
		{546682AF-A252-4F5E-A9A1-F97BB766998C}.AppStore|Any CPU.ActiveCfg = Release|x86
		{546682AF-A252-4F5E-A9A1-F97BB766998C}.AppStore|Any CPU.Build.0 = Release|x86
		{546682AF-A252-4F5E-A9A1-F97BB766998C}.AppStore|Any CPU.Deploy.0 = Release|x86
		{546682AF-A252-4F5E-A9A1-F97BB766998C}.AppStore|ARM.ActiveCfg = Release|ARM
		{546682AF-A252-4F5E-A9A1-F97BB766998C}.AppStore|ARM.Build.0 = Release|ARM
		{546682AF-A252-4F5E-A9A1-F97BB766998C}.AppStore|ARM.Deploy.0 = Release|ARM
		{546682AF-A252-4F5E-A9A1-F97BB766998C}.AppStore|iPhone.ActiveCfg = Release|x86
		{546682AF-A252-4F5E-A9A1-F97BB766998C}.AppStore|iPhone.Build.0 = Release|x86
		{546682AF-A252-4F5E-A9A1-F97BB766998C}.AppStore|iPhone.Deploy.0 = Release|x86
		{546682AF-A252-4F5E-A9A1-F97BB766998C}.AppStore|iPhoneSimulator.ActiveCfg = Release|x86
		{546682AF-A252-4F5E-A9A1-F97BB766998C}.AppStore|iPhoneSimulator.Build.0 = Release|x86
		{546682AF-A252-4F5E-A9A1-F97BB766998C}.AppStore|iPhoneSimulator.Deploy.0 = Release|x86
		{546682AF-A252-4F5E-A9A1-F97BB766998C}.AppStore|x64.ActiveCfg = Release|x64
		{546682AF-A252-4F5E-A9A1-F97BB766998C}.AppStore|x64.Build.0 = Release|x64
		{546682AF-A252-4F5E-A9A1-F97BB766998C}.AppStore|x64.Deploy.0 = Release|x64
		{546682AF-A252-4F5E-A9A1-F97BB766998C}.AppStore|x86.ActiveCfg = Release|x86
		{546682AF-A252-4F5E-A9A1-F97BB766998C}.AppStore|x86.Build.0 = Release|x86
		{546682AF-A252-4F5E-A9A1-F97BB766998C}.AppStore|x86.Deploy.0 = Release|x86
		{546682AF-A252-4F5E-A9A1-F97BB766998C}.Debug|Any CPU.ActiveCfg = Debug|x86
		{546682AF-A252-4F5E-A9A1-F97BB766998C}.Debug|ARM.ActiveCfg = Debug|ARM
		{546682AF-A252-4F5E-A9A1-F97BB766998C}.Debug|ARM.Build.0 = Debug|ARM
		{546682AF-A252-4F5E-A9A1-F97BB766998C}.Debug|ARM.Deploy.0 = Debug|ARM
		{546682AF-A252-4F5E-A9A1-F97BB766998C}.Debug|iPhone.ActiveCfg = Debug|x86
		{546682AF-A252-4F5E-A9A1-F97BB766998C}.Debug|iPhoneSimulator.ActiveCfg = Debug|x86
		{546682AF-A252-4F5E-A9A1-F97BB766998C}.Debug|x64.ActiveCfg = Debug|x64
		{546682AF-A252-4F5E-A9A1-F97BB766998C}.Debug|x64.Build.0 = Debug|x64
		{546682AF-A252-4F5E-A9A1-F97BB766998C}.Debug|x64.Deploy.0 = Debug|x64
		{546682AF-A252-4F5E-A9A1-F97BB766998C}.Debug|x86.ActiveCfg = Debug|x86
		{546682AF-A252-4F5E-A9A1-F97BB766998C}.Debug|x86.Build.0 = Debug|x86
		{546682AF-A252-4F5E-A9A1-F97BB766998C}.Debug|x86.Deploy.0 = Debug|x86
		{546682AF-A252-4F5E-A9A1-F97BB766998C}.Release|Any CPU.ActiveCfg = Release|x86
		{546682AF-A252-4F5E-A9A1-F97BB766998C}.Release|ARM.ActiveCfg = Release|ARM
		{546682AF-A252-4F5E-A9A1-F97BB766998C}.Release|ARM.Build.0 = Release|ARM
		{546682AF-A252-4F5E-A9A1-F97BB766998C}.Release|ARM.Deploy.0 = Release|ARM
		{546682AF-A252-4F5E-A9A1-F97BB766998C}.Release|iPhone.ActiveCfg = Release|x86
		{546682AF-A252-4F5E-A9A1-F97BB766998C}.Release|iPhoneSimulator.ActiveCfg = Release|x86
		{546682AF-A252-4F5E-A9A1-F97BB766998C}.Release|x64.ActiveCfg = Release|x64
		{546682AF-A252-4F5E-A9A1-F97BB766998C}.Release|x64.Build.0 = Release|x64
		{546682AF-A252-4F5E-A9A1-F97BB766998C}.Release|x64.Deploy.0 = Release|x64
		{546682AF-A252-4F5E-A9A1-F97BB766998C}.Release|x86.ActiveCfg = Release|x86
		{546682AF-A252-4F5E-A9A1-F97BB766998C}.Release|x86.Build.0 = Release|x86
		{546682AF-A252-4F5E-A9A1-F97BB766998C}.Release|x86.Deploy.0 = Release|x86
		{D0F44671-DFEB-4510-ACB2-CF53C615C51E}.Ad-Hoc|Any CPU.ActiveCfg = Debug|Any CPU
		{D0F44671-DFEB-4510-ACB2-CF53C615C51E}.Ad-Hoc|Any CPU.Build.0 = Debug|Any CPU
		{D0F44671-DFEB-4510-ACB2-CF53C615C51E}.Ad-Hoc|ARM.ActiveCfg = Debug|Any CPU
		{D0F44671-DFEB-4510-ACB2-CF53C615C51E}.Ad-Hoc|ARM.Build.0 = Debug|Any CPU
		{D0F44671-DFEB-4510-ACB2-CF53C615C51E}.Ad-Hoc|iPhone.ActiveCfg = Debug|Any CPU
		{D0F44671-DFEB-4510-ACB2-CF53C615C51E}.Ad-Hoc|iPhone.Build.0 = Debug|Any CPU
		{D0F44671-DFEB-4510-ACB2-CF53C615C51E}.Ad-Hoc|iPhoneSimulator.ActiveCfg = Debug|Any CPU
		{D0F44671-DFEB-4510-ACB2-CF53C615C51E}.Ad-Hoc|iPhoneSimulator.Build.0 = Debug|Any CPU
		{D0F44671-DFEB-4510-ACB2-CF53C615C51E}.Ad-Hoc|x64.ActiveCfg = Debug|Any CPU
		{D0F44671-DFEB-4510-ACB2-CF53C615C51E}.Ad-Hoc|x64.Build.0 = Debug|Any CPU
		{D0F44671-DFEB-4510-ACB2-CF53C615C51E}.Ad-Hoc|x86.ActiveCfg = Debug|Any CPU
		{D0F44671-DFEB-4510-ACB2-CF53C615C51E}.Ad-Hoc|x86.Build.0 = Debug|Any CPU
		{D0F44671-DFEB-4510-ACB2-CF53C615C51E}.AppStore|Any CPU.ActiveCfg = Debug|Any CPU
		{D0F44671-DFEB-4510-ACB2-CF53C615C51E}.AppStore|Any CPU.Build.0 = Debug|Any CPU
		{D0F44671-DFEB-4510-ACB2-CF53C615C51E}.AppStore|ARM.ActiveCfg = Debug|Any CPU
		{D0F44671-DFEB-4510-ACB2-CF53C615C51E}.AppStore|ARM.Build.0 = Debug|Any CPU
		{D0F44671-DFEB-4510-ACB2-CF53C615C51E}.AppStore|iPhone.ActiveCfg = Debug|Any CPU
		{D0F44671-DFEB-4510-ACB2-CF53C615C51E}.AppStore|iPhone.Build.0 = Debug|Any CPU
		{D0F44671-DFEB-4510-ACB2-CF53C615C51E}.AppStore|iPhoneSimulator.ActiveCfg = Debug|Any CPU
		{D0F44671-DFEB-4510-ACB2-CF53C615C51E}.AppStore|iPhoneSimulator.Build.0 = Debug|Any CPU
		{D0F44671-DFEB-4510-ACB2-CF53C615C51E}.AppStore|x64.ActiveCfg = Debug|Any CPU
		{D0F44671-DFEB-4510-ACB2-CF53C615C51E}.AppStore|x64.Build.0 = Debug|Any CPU
		{D0F44671-DFEB-4510-ACB2-CF53C615C51E}.AppStore|x86.ActiveCfg = Debug|Any CPU
		{D0F44671-DFEB-4510-ACB2-CF53C615C51E}.AppStore|x86.Build.0 = Debug|Any CPU
		{D0F44671-DFEB-4510-ACB2-CF53C615C51E}.Debug|Any CPU.ActiveCfg = Debug|Any CPU
		{D0F44671-DFEB-4510-ACB2-CF53C615C51E}.Debug|Any CPU.Build.0 = Debug|Any CPU
		{D0F44671-DFEB-4510-ACB2-CF53C615C51E}.Debug|ARM.ActiveCfg = Debug|Any CPU
		{D0F44671-DFEB-4510-ACB2-CF53C615C51E}.Debug|ARM.Build.0 = Debug|Any CPU
		{D0F44671-DFEB-4510-ACB2-CF53C615C51E}.Debug|iPhone.ActiveCfg = Debug|Any CPU
		{D0F44671-DFEB-4510-ACB2-CF53C615C51E}.Debug|iPhone.Build.0 = Debug|Any CPU
		{D0F44671-DFEB-4510-ACB2-CF53C615C51E}.Debug|iPhoneSimulator.ActiveCfg = Debug|Any CPU
		{D0F44671-DFEB-4510-ACB2-CF53C615C51E}.Debug|iPhoneSimulator.Build.0 = Debug|Any CPU
		{D0F44671-DFEB-4510-ACB2-CF53C615C51E}.Debug|x64.ActiveCfg = Debug|Any CPU
		{D0F44671-DFEB-4510-ACB2-CF53C615C51E}.Debug|x64.Build.0 = Debug|Any CPU
		{D0F44671-DFEB-4510-ACB2-CF53C615C51E}.Debug|x86.ActiveCfg = Debug|Any CPU
		{D0F44671-DFEB-4510-ACB2-CF53C615C51E}.Debug|x86.Build.0 = Debug|Any CPU
		{D0F44671-DFEB-4510-ACB2-CF53C615C51E}.Release|Any CPU.ActiveCfg = Release|Any CPU
		{D0F44671-DFEB-4510-ACB2-CF53C615C51E}.Release|Any CPU.Build.0 = Release|Any CPU
		{D0F44671-DFEB-4510-ACB2-CF53C615C51E}.Release|ARM.ActiveCfg = Release|Any CPU
		{D0F44671-DFEB-4510-ACB2-CF53C615C51E}.Release|ARM.Build.0 = Release|Any CPU
		{D0F44671-DFEB-4510-ACB2-CF53C615C51E}.Release|iPhone.ActiveCfg = Release|Any CPU
		{D0F44671-DFEB-4510-ACB2-CF53C615C51E}.Release|iPhone.Build.0 = Release|Any CPU
		{D0F44671-DFEB-4510-ACB2-CF53C615C51E}.Release|iPhoneSimulator.ActiveCfg = Release|Any CPU
		{D0F44671-DFEB-4510-ACB2-CF53C615C51E}.Release|iPhoneSimulator.Build.0 = Release|Any CPU
		{D0F44671-DFEB-4510-ACB2-CF53C615C51E}.Release|x64.ActiveCfg = Release|Any CPU
		{D0F44671-DFEB-4510-ACB2-CF53C615C51E}.Release|x64.Build.0 = Release|Any CPU
		{D0F44671-DFEB-4510-ACB2-CF53C615C51E}.Release|x86.ActiveCfg = Release|Any CPU
		{D0F44671-DFEB-4510-ACB2-CF53C615C51E}.Release|x86.Build.0 = Release|Any CPU
	EndGlobalSection
	GlobalSection(SolutionProperties) = preSolution
		HideSolutionNode = FALSE
	EndGlobalSection
	GlobalSection(ExtensibilityGlobals) = postSolution
		SolutionGuid = {53CBDCB4-38AE-4EE5-8A0C-4865D9AF6386}
	EndGlobalSection
EndGlobal
